
Microsoft Visual Studio Solution File, Format Version 12.00
# Visual Studio Version 16
Project("{2150E333-8FDC-42A3-9474-1A3956D46DE8}") = "Samples", "Samples", "{C11D5431-2DDE-CF67-F618-19E562981444}"
EndProject
Project("{8BC9CEB8-8B4A-11D0-8D11-00A0C91BC942}") = "PBR", "samples\PBR.vcxproj", "{0910880B-7519-887C-FE94-9E7C6A9D937C}"
EndProject
Project("{8BC9CEB8-8B4A-11D0-8D11-00A0C91BC942}") = "2D", "samples\2D.vcxproj", "{FB705900-E7FC-870B-50AB-880B3C56880B}"
EndProject
Project("{8BC9CEB8-8B4A-11D0-8D11-00A0C91BC942}") = "CSharpBinding", "samples\CSharpBinding.vcxproj", "{81AB14D9-ED6B-900F-B6A6-D98C2226D5EB}"
EndProject
Project("{8BC9CEB8-8B4A-11D0-8D11-00A0C91BC942}") = "Skinning", "samples\Skinning.vcxproj", "{0604953E-F2D0-EF49-1BEA-DDF1071625D8}"
EndProject
Project("{2150E333-8FDC-42A3-9474-1A3956D46DE8}") = "Dependencies", "Dependencies", "{53E47842-3FC8-3998-A828-34EB942B241A}"
EndProject
Project("{8BC9CEB8-8B4A-11D0-8D11-00A0C91BC942}") = "GLFW", "vendor\glfw\GLFW.vcxproj", "{154B857C-0182-860D-AA6E-6C109684020F}"
EndProject
Project("{8BC9CEB8-8B4A-11D0-8D11-00A0C91BC942}") = "Glad", "vendor\glad\Glad.vcxproj", "{BDD6857C-A90D-870D-52FA-6C103E10030F}"
EndProject
Project("{8BC9CEB8-8B4A-11D0-8D11-00A0C91BC942}") = "ImGizmo", "vendor\imgizmo\ImGizmo.vcxproj", "{01B29DFA-6D91-1C96-76A9-A76CE20783F7}"
EndProject
Project("{8BC9CEB8-8B4A-11D0-8D11-00A0C91BC942}") = "ImGui", "include\Libraries\imgui\ImGui.vcxproj", "{C0FF640D-2C14-8DBE-F595-301E616989EF}"
EndProject
Project("{8BC9CEB8-8B4A-11D0-8D11-00A0C91BC942}") = "KTX-Tools", "vendor\ktx\KTX-Tools.vcxproj", "{5A55577D-C6BF-0BF4-0FFE-BC997BA7E948}"
EndProject
Project("{8BC9CEB8-8B4A-11D0-8D11-00A0C91BC942}") = "SPIRV-Cross", "vendor\spir_v_cross\SPIRV-Cross.vcxproj", "{30B15D9A-9C66-D68F-255B-D066910FCD93}"
EndProject
Project("{8BC9CEB8-8B4A-11D0-8D11-00A0C91BC942}") = "Frostium", "Frostium.vcxproj", "{5E977168-4A64-CC73-737D-BA1B5FA90102}"
EndProject
Global
	GlobalSection(SolutionConfigurationPlatforms) = preSolution
		Debug_OpenGL|x64 = Debug_OpenGL|x64
		Debug_Vulkan|x64 = Debug_Vulkan|x64
		Release_OpenGL|x64 = Release_OpenGL|x64
		Release_Vulkan|x64 = Release_Vulkan|x64
		SmolEngine_D|x64 = SmolEngine_D|x64
		SmolEngine_R|x64 = SmolEngine_R|x64
	EndGlobalSection
	GlobalSection(ProjectConfigurationPlatforms) = postSolution
		{0910880B-7519-887C-FE94-9E7C6A9D937C}.Debug_OpenGL|x64.ActiveCfg = Debug_OpenGL|x64
		{0910880B-7519-887C-FE94-9E7C6A9D937C}.Debug_OpenGL|x64.Build.0 = Debug_OpenGL|x64
		{0910880B-7519-887C-FE94-9E7C6A9D937C}.Debug_Vulkan|x64.ActiveCfg = Debug_Vulkan|x64
		{0910880B-7519-887C-FE94-9E7C6A9D937C}.Debug_Vulkan|x64.Build.0 = Debug_Vulkan|x64
		{0910880B-7519-887C-FE94-9E7C6A9D937C}.Release_OpenGL|x64.ActiveCfg = Release_OpenGL|x64
		{0910880B-7519-887C-FE94-9E7C6A9D937C}.Release_OpenGL|x64.Build.0 = Release_OpenGL|x64
		{0910880B-7519-887C-FE94-9E7C6A9D937C}.Release_Vulkan|x64.ActiveCfg = Release_Vulkan|x64
		{0910880B-7519-887C-FE94-9E7C6A9D937C}.Release_Vulkan|x64.Build.0 = Release_Vulkan|x64
		{0910880B-7519-887C-FE94-9E7C6A9D937C}.SmolEngine_D|x64.ActiveCfg = SmolEngine_D|x64
		{0910880B-7519-887C-FE94-9E7C6A9D937C}.SmolEngine_D|x64.Build.0 = SmolEngine_D|x64
		{0910880B-7519-887C-FE94-9E7C6A9D937C}.SmolEngine_R|x64.ActiveCfg = SmolEngine_R|x64
		{0910880B-7519-887C-FE94-9E7C6A9D937C}.SmolEngine_R|x64.Build.0 = SmolEngine_R|x64
		{FB705900-E7FC-870B-50AB-880B3C56880B}.Debug_OpenGL|x64.ActiveCfg = Debug_OpenGL|x64
		{FB705900-E7FC-870B-50AB-880B3C56880B}.Debug_OpenGL|x64.Build.0 = Debug_OpenGL|x64
		{FB705900-E7FC-870B-50AB-880B3C56880B}.Debug_Vulkan|x64.ActiveCfg = Debug_Vulkan|x64
		{FB705900-E7FC-870B-50AB-880B3C56880B}.Debug_Vulkan|x64.Build.0 = Debug_Vulkan|x64
		{FB705900-E7FC-870B-50AB-880B3C56880B}.Release_OpenGL|x64.ActiveCfg = Release_OpenGL|x64
		{FB705900-E7FC-870B-50AB-880B3C56880B}.Release_OpenGL|x64.Build.0 = Release_OpenGL|x64
		{FB705900-E7FC-870B-50AB-880B3C56880B}.Release_Vulkan|x64.ActiveCfg = Release_Vulkan|x64
		{FB705900-E7FC-870B-50AB-880B3C56880B}.Release_Vulkan|x64.Build.0 = Release_Vulkan|x64
		{FB705900-E7FC-870B-50AB-880B3C56880B}.SmolEngine_D|x64.ActiveCfg = SmolEngine_D|x64
		{FB705900-E7FC-870B-50AB-880B3C56880B}.SmolEngine_D|x64.Build.0 = SmolEngine_D|x64
		{FB705900-E7FC-870B-50AB-880B3C56880B}.SmolEngine_R|x64.ActiveCfg = SmolEngine_R|x64
		{FB705900-E7FC-870B-50AB-880B3C56880B}.SmolEngine_R|x64.Build.0 = SmolEngine_R|x64
		{81AB14D9-ED6B-900F-B6A6-D98C2226D5EB}.Debug_OpenGL|x64.ActiveCfg = Debug_OpenGL|x64
		{81AB14D9-ED6B-900F-B6A6-D98C2226D5EB}.Debug_OpenGL|x64.Build.0 = Debug_OpenGL|x64
		{81AB14D9-ED6B-900F-B6A6-D98C2226D5EB}.Debug_Vulkan|x64.ActiveCfg = Debug_Vulkan|x64
		{81AB14D9-ED6B-900F-B6A6-D98C2226D5EB}.Debug_Vulkan|x64.Build.0 = Debug_Vulkan|x64
		{81AB14D9-ED6B-900F-B6A6-D98C2226D5EB}.Release_OpenGL|x64.ActiveCfg = Release_OpenGL|x64
		{81AB14D9-ED6B-900F-B6A6-D98C2226D5EB}.Release_OpenGL|x64.Build.0 = Release_OpenGL|x64
		{81AB14D9-ED6B-900F-B6A6-D98C2226D5EB}.Release_Vulkan|x64.ActiveCfg = Release_Vulkan|x64
		{81AB14D9-ED6B-900F-B6A6-D98C2226D5EB}.Release_Vulkan|x64.Build.0 = Release_Vulkan|x64
		{81AB14D9-ED6B-900F-B6A6-D98C2226D5EB}.SmolEngine_D|x64.ActiveCfg = SmolEngine_D|x64
		{81AB14D9-ED6B-900F-B6A6-D98C2226D5EB}.SmolEngine_D|x64.Build.0 = SmolEngine_D|x64
		{81AB14D9-ED6B-900F-B6A6-D98C2226D5EB}.SmolEngine_R|x64.ActiveCfg = SmolEngine_R|x64
		{81AB14D9-ED6B-900F-B6A6-D98C2226D5EB}.SmolEngine_R|x64.Build.0 = SmolEngine_R|x64
		{0604953E-F2D0-EF49-1BEA-DDF1071625D8}.Debug_OpenGL|x64.ActiveCfg = Debug_OpenGL|x64
		{0604953E-F2D0-EF49-1BEA-DDF1071625D8}.Debug_OpenGL|x64.Build.0 = Debug_OpenGL|x64
		{0604953E-F2D0-EF49-1BEA-DDF1071625D8}.Debug_Vulkan|x64.ActiveCfg = Debug_Vulkan|x64
		{0604953E-F2D0-EF49-1BEA-DDF1071625D8}.Debug_Vulkan|x64.Build.0 = Debug_Vulkan|x64
		{0604953E-F2D0-EF49-1BEA-DDF1071625D8}.Release_OpenGL|x64.ActiveCfg = Release_OpenGL|x64
		{0604953E-F2D0-EF49-1BEA-DDF1071625D8}.Release_OpenGL|x64.Build.0 = Release_OpenGL|x64
		{0604953E-F2D0-EF49-1BEA-DDF1071625D8}.Release_Vulkan|x64.ActiveCfg = Release_Vulkan|x64
		{0604953E-F2D0-EF49-1BEA-DDF1071625D8}.Release_Vulkan|x64.Build.0 = Release_Vulkan|x64
		{0604953E-F2D0-EF49-1BEA-DDF1071625D8}.SmolEngine_D|x64.ActiveCfg = SmolEngine_D|x64
		{0604953E-F2D0-EF49-1BEA-DDF1071625D8}.SmolEngine_D|x64.Build.0 = SmolEngine_D|x64
		{0604953E-F2D0-EF49-1BEA-DDF1071625D8}.SmolEngine_R|x64.ActiveCfg = SmolEngine_R|x64
		{0604953E-F2D0-EF49-1BEA-DDF1071625D8}.SmolEngine_R|x64.Build.0 = SmolEngine_R|x64
		{154B857C-0182-860D-AA6E-6C109684020F}.Debug_OpenGL|x64.ActiveCfg = Debug_OpenGL|x64
		{154B857C-0182-860D-AA6E-6C109684020F}.Debug_OpenGL|x64.Build.0 = Debug_OpenGL|x64
		{154B857C-0182-860D-AA6E-6C109684020F}.Debug_Vulkan|x64.ActiveCfg = Debug_Vulkan|x64
		{154B857C-0182-860D-AA6E-6C109684020F}.Debug_Vulkan|x64.Build.0 = Debug_Vulkan|x64
		{154B857C-0182-860D-AA6E-6C109684020F}.Release_OpenGL|x64.ActiveCfg = Release_OpenGL|x64
		{154B857C-0182-860D-AA6E-6C109684020F}.Release_OpenGL|x64.Build.0 = Release_OpenGL|x64
		{154B857C-0182-860D-AA6E-6C109684020F}.Release_Vulkan|x64.ActiveCfg = Release_Vulkan|x64
		{154B857C-0182-860D-AA6E-6C109684020F}.Release_Vulkan|x64.Build.0 = Release_Vulkan|x64
		{154B857C-0182-860D-AA6E-6C109684020F}.SmolEngine_D|x64.ActiveCfg = SmolEngine_D|x64
		{154B857C-0182-860D-AA6E-6C109684020F}.SmolEngine_D|x64.Build.0 = SmolEngine_D|x64
		{154B857C-0182-860D-AA6E-6C109684020F}.SmolEngine_R|x64.ActiveCfg = SmolEngine_R|x64
		{154B857C-0182-860D-AA6E-6C109684020F}.SmolEngine_R|x64.Build.0 = SmolEngine_R|x64
		{BDD6857C-A90D-870D-52FA-6C103E10030F}.Debug_OpenGL|x64.ActiveCfg = Debug_OpenGL|x64
		{BDD6857C-A90D-870D-52FA-6C103E10030F}.Debug_OpenGL|x64.Build.0 = Debug_OpenGL|x64
		{BDD6857C-A90D-870D-52FA-6C103E10030F}.Debug_Vulkan|x64.ActiveCfg = Debug_Vulkan|x64
		{BDD6857C-A90D-870D-52FA-6C103E10030F}.Debug_Vulkan|x64.Build.0 = Debug_Vulkan|x64
		{BDD6857C-A90D-870D-52FA-6C103E10030F}.Release_OpenGL|x64.ActiveCfg = Release_OpenGL|x64
		{BDD6857C-A90D-870D-52FA-6C103E10030F}.Release_OpenGL|x64.Build.0 = Release_OpenGL|x64
		{BDD6857C-A90D-870D-52FA-6C103E10030F}.Release_Vulkan|x64.ActiveCfg = Release_Vulkan|x64
		{BDD6857C-A90D-870D-52FA-6C103E10030F}.Release_Vulkan|x64.Build.0 = Release_Vulkan|x64
		{BDD6857C-A90D-870D-52FA-6C103E10030F}.SmolEngine_D|x64.ActiveCfg = SmolEngine_D|x64
		{BDD6857C-A90D-870D-52FA-6C103E10030F}.SmolEngine_D|x64.Build.0 = SmolEngine_D|x64
		{BDD6857C-A90D-870D-52FA-6C103E10030F}.SmolEngine_R|x64.ActiveCfg = SmolEngine_R|x64
		{BDD6857C-A90D-870D-52FA-6C103E10030F}.SmolEngine_R|x64.Build.0 = SmolEngine_R|x64
		{01B29DFA-6D91-1C96-76A9-A76CE20783F7}.Debug_OpenGL|x64.ActiveCfg = Debug_OpenGL|x64
		{01B29DFA-6D91-1C96-76A9-A76CE20783F7}.Debug_OpenGL|x64.Build.0 = Debug_OpenGL|x64
		{01B29DFA-6D91-1C96-76A9-A76CE20783F7}.Debug_Vulkan|x64.ActiveCfg = Debug_Vulkan|x64
		{01B29DFA-6D91-1C96-76A9-A76CE20783F7}.Debug_Vulkan|x64.Build.0 = Debug_Vulkan|x64
		{01B29DFA-6D91-1C96-76A9-A76CE20783F7}.Release_OpenGL|x64.ActiveCfg = Release_OpenGL|x64
		{01B29DFA-6D91-1C96-76A9-A76CE20783F7}.Release_OpenGL|x64.Build.0 = Release_OpenGL|x64
		{01B29DFA-6D91-1C96-76A9-A76CE20783F7}.Release_Vulkan|x64.ActiveCfg = Release_Vulkan|x64
		{01B29DFA-6D91-1C96-76A9-A76CE20783F7}.Release_Vulkan|x64.Build.0 = Release_Vulkan|x64
		{01B29DFA-6D91-1C96-76A9-A76CE20783F7}.SmolEngine_D|x64.ActiveCfg = SmolEngine_D|x64
		{01B29DFA-6D91-1C96-76A9-A76CE20783F7}.SmolEngine_D|x64.Build.0 = SmolEngine_D|x64
		{01B29DFA-6D91-1C96-76A9-A76CE20783F7}.SmolEngine_R|x64.ActiveCfg = SmolEngine_R|x64
		{01B29DFA-6D91-1C96-76A9-A76CE20783F7}.SmolEngine_R|x64.Build.0 = SmolEngine_R|x64
		{C0FF640D-2C14-8DBE-F595-301E616989EF}.Debug_OpenGL|x64.ActiveCfg = Debug_OpenGL|x64
		{C0FF640D-2C14-8DBE-F595-301E616989EF}.Debug_OpenGL|x64.Build.0 = Debug_OpenGL|x64
		{C0FF640D-2C14-8DBE-F595-301E616989EF}.Debug_Vulkan|x64.ActiveCfg = Debug_Vulkan|x64
		{C0FF640D-2C14-8DBE-F595-301E616989EF}.Debug_Vulkan|x64.Build.0 = Debug_Vulkan|x64
		{C0FF640D-2C14-8DBE-F595-301E616989EF}.Release_OpenGL|x64.ActiveCfg = Release_OpenGL|x64
		{C0FF640D-2C14-8DBE-F595-301E616989EF}.Release_OpenGL|x64.Build.0 = Release_OpenGL|x64
		{C0FF640D-2C14-8DBE-F595-301E616989EF}.Release_Vulkan|x64.ActiveCfg = Release_Vulkan|x64
		{C0FF640D-2C14-8DBE-F595-301E616989EF}.Release_Vulkan|x64.Build.0 = Release_Vulkan|x64
		{C0FF640D-2C14-8DBE-F595-301E616989EF}.SmolEngine_D|x64.ActiveCfg = SmolEngine_D|x64
		{C0FF640D-2C14-8DBE-F595-301E616989EF}.SmolEngine_D|x64.Build.0 = SmolEngine_D|x64
		{C0FF640D-2C14-8DBE-F595-301E616989EF}.SmolEngine_R|x64.ActiveCfg = SmolEngine_R|x64
		{C0FF640D-2C14-8DBE-F595-301E616989EF}.SmolEngine_R|x64.Build.0 = SmolEngine_R|x64
		{5A55577D-C6BF-0BF4-0FFE-BC997BA7E948}.Debug_OpenGL|x64.ActiveCfg = Debug_OpenGL|x64
		{5A55577D-C6BF-0BF4-0FFE-BC997BA7E948}.Debug_OpenGL|x64.Build.0 = Debug_OpenGL|x64
		{5A55577D-C6BF-0BF4-0FFE-BC997BA7E948}.Debug_Vulkan|x64.ActiveCfg = Debug_Vulkan|x64
		{5A55577D-C6BF-0BF4-0FFE-BC997BA7E948}.Debug_Vulkan|x64.Build.0 = Debug_Vulkan|x64
		{5A55577D-C6BF-0BF4-0FFE-BC997BA7E948}.Release_OpenGL|x64.ActiveCfg = Release_OpenGL|x64
		{5A55577D-C6BF-0BF4-0FFE-BC997BA7E948}.Release_OpenGL|x64.Build.0 = Release_OpenGL|x64
		{5A55577D-C6BF-0BF4-0FFE-BC997BA7E948}.Release_Vulkan|x64.ActiveCfg = Release_Vulkan|x64
		{5A55577D-C6BF-0BF4-0FFE-BC997BA7E948}.Release_Vulkan|x64.Build.0 = Release_Vulkan|x64
		{5A55577D-C6BF-0BF4-0FFE-BC997BA7E948}.SmolEngine_D|x64.ActiveCfg = SmolEngine_D|x64
		{5A55577D-C6BF-0BF4-0FFE-BC997BA7E948}.SmolEngine_D|x64.Build.0 = SmolEngine_D|x64
		{5A55577D-C6BF-0BF4-0FFE-BC997BA7E948}.SmolEngine_R|x64.ActiveCfg = SmolEngine_R|x64
		{5A55577D-C6BF-0BF4-0FFE-BC997BA7E948}.SmolEngine_R|x64.Build.0 = SmolEngine_R|x64
		{30B15D9A-9C66-D68F-255B-D066910FCD93}.Debug_OpenGL|x64.ActiveCfg = Debug_OpenGL|x64
		{30B15D9A-9C66-D68F-255B-D066910FCD93}.Debug_OpenGL|x64.Build.0 = Debug_OpenGL|x64
		{30B15D9A-9C66-D68F-255B-D066910FCD93}.Debug_Vulkan|x64.ActiveCfg = Debug_Vulkan|x64
		{30B15D9A-9C66-D68F-255B-D066910FCD93}.Debug_Vulkan|x64.Build.0 = Debug_Vulkan|x64
		{30B15D9A-9C66-D68F-255B-D066910FCD93}.Release_OpenGL|x64.ActiveCfg = Release_OpenGL|x64
		{30B15D9A-9C66-D68F-255B-D066910FCD93}.Release_OpenGL|x64.Build.0 = Release_OpenGL|x64
		{30B15D9A-9C66-D68F-255B-D066910FCD93}.Release_Vulkan|x64.ActiveCfg = Release_Vulkan|x64
		{30B15D9A-9C66-D68F-255B-D066910FCD93}.Release_Vulkan|x64.Build.0 = Release_Vulkan|x64
		{30B15D9A-9C66-D68F-255B-D066910FCD93}.SmolEngine_D|x64.ActiveCfg = SmolEngine_D|x64
		{30B15D9A-9C66-D68F-255B-D066910FCD93}.SmolEngine_D|x64.Build.0 = SmolEngine_D|x64
		{30B15D9A-9C66-D68F-255B-D066910FCD93}.SmolEngine_R|x64.ActiveCfg = SmolEngine_R|x64
		{30B15D9A-9C66-D68F-255B-D066910FCD93}.SmolEngine_R|x64.Build.0 = SmolEngine_R|x64
		{5E977168-4A64-CC73-737D-BA1B5FA90102}.Debug_OpenGL|x64.ActiveCfg = Debug_OpenGL|x64
		{5E977168-4A64-CC73-737D-BA1B5FA90102}.Debug_OpenGL|x64.Build.0 = Debug_OpenGL|x64
		{5E977168-4A64-CC73-737D-BA1B5FA90102}.Debug_Vulkan|x64.ActiveCfg = Debug_Vulkan|x64
		{5E977168-4A64-CC73-737D-BA1B5FA90102}.Debug_Vulkan|x64.Build.0 = Debug_Vulkan|x64
		{5E977168-4A64-CC73-737D-BA1B5FA90102}.Release_OpenGL|x64.ActiveCfg = Release_OpenGL|x64
		{5E977168-4A64-CC73-737D-BA1B5FA90102}.Release_OpenGL|x64.Build.0 = Release_OpenGL|x64
		{5E977168-4A64-CC73-737D-BA1B5FA90102}.Release_Vulkan|x64.ActiveCfg = Release_Vulkan|x64
		{5E977168-4A64-CC73-737D-BA1B5FA90102}.Release_Vulkan|x64.Build.0 = Release_Vulkan|x64
		{5E977168-4A64-CC73-737D-BA1B5FA90102}.SmolEngine_D|x64.ActiveCfg = SmolEngine_D|x64
		{5E977168-4A64-CC73-737D-BA1B5FA90102}.SmolEngine_D|x64.Build.0 = SmolEngine_D|x64
		{5E977168-4A64-CC73-737D-BA1B5FA90102}.SmolEngine_R|x64.ActiveCfg = SmolEngine_R|x64
		{5E977168-4A64-CC73-737D-BA1B5FA90102}.SmolEngine_R|x64.Build.0 = SmolEngine_R|x64
	EndGlobalSection
	GlobalSection(SolutionProperties) = preSolution
		HideSolutionNode = FALSE
	EndGlobalSection
	GlobalSection(NestedProjects) = preSolution
		{0910880B-7519-887C-FE94-9E7C6A9D937C} = {C11D5431-2DDE-CF67-F618-19E562981444}
		{FB705900-E7FC-870B-50AB-880B3C56880B} = {C11D5431-2DDE-CF67-F618-19E562981444}
		{81AB14D9-ED6B-900F-B6A6-D98C2226D5EB} = {C11D5431-2DDE-CF67-F618-19E562981444}
		{0604953E-F2D0-EF49-1BEA-DDF1071625D8} = {C11D5431-2DDE-CF67-F618-19E562981444}
		{154B857C-0182-860D-AA6E-6C109684020F} = {53E47842-3FC8-3998-A828-34EB942B241A}
		{BDD6857C-A90D-870D-52FA-6C103E10030F} = {53E47842-3FC8-3998-A828-34EB942B241A}
		{01B29DFA-6D91-1C96-76A9-A76CE20783F7} = {53E47842-3FC8-3998-A828-34EB942B241A}
		{C0FF640D-2C14-8DBE-F595-301E616989EF} = {53E47842-3FC8-3998-A828-34EB942B241A}
		{5A55577D-C6BF-0BF4-0FFE-BC997BA7E948} = {53E47842-3FC8-3998-A828-34EB942B241A}
		{30B15D9A-9C66-D68F-255B-D066910FCD93} = {53E47842-3FC8-3998-A828-34EB942B241A}
	EndGlobalSection
EndGlobal
